// !$*UTF8*$!
{
	archiveVersion = 1;
	classes = {
	};
	objectVersion = 77;
	objects = {

/* Begin PBXBuildFile section */
		516C4C042F27EA3E00AB69D1 /* GoogleSignIn in Frameworks */ = {isa = PBXBuildFile; productRef = 516C4BB92F27EA0100AB69D1 /* GoogleSignIn */; };
		516C4C052F27EA3E00AB69D1 /* Supabase in Frameworks */ = {isa = PBXBuildFile; productRef = 516C4BBA2F27EA0600AB69D1 /* Supabase */; };
		51FB211A2F29C4BE005F2E69 /* WidgetKit.framework in Frameworks */ = {isa = PBXBuildFile; fileRef = 51FB21192F29C4BE005F2E69 /* WidgetKit.framework */; };
		51FB211C2F29C4BE005F2E69 /* SwiftUI.framework in Frameworks */ = {isa = PBXBuildFile; fileRef = 51FB211B2F29C4BE005F2E69 /* SwiftUI.framework */; };
		51FB21292F29C4BF005F2E69 /* CozyNCLEXPrepWidgetsExtension.appex in Embed Foundation Extensions */ = {isa = PBXBuildFile; fileRef = 51FB21172F29C4BE005F2E69 /* CozyNCLEXPrepWidgetsExtension.appex */; settings = {ATTRIBUTES = (RemoveHeadersOnCopy, ); }; };
/* End PBXBuildFile section */

/* Begin PBXContainerItemProxy section */
		516C457F2F218F3500AB69D1 /* PBXContainerItemProxy */ = {
			isa = PBXContainerItemProxy;
			containerPortal = 516C45692F218F3400AB69D1 /* Project object */;
			proxyType = 1;
			remoteGlobalIDString = 516C45702F218F3400AB69D1;
			remoteInfo = CozyNCLEXPrep;
		};
		516C45892F218F3500AB69D1 /* PBXContainerItemProxy */ = {
			isa = PBXContainerItemProxy;
			containerPortal = 516C45692F218F3400AB69D1 /* Project object */;
			proxyType = 1;
			remoteGlobalIDString = 516C45702F218F3400AB69D1;
			remoteInfo = CozyNCLEXPrep;
		};
		51FB21272F29C4BF005F2E69 /* PBXContainerItemProxy */ = {
			isa = PBXContainerItemProxy;
			containerPortal = 516C45692F218F3400AB69D1 /* Project object */;
			proxyType = 1;
			remoteGlobalIDString = 51FB21162F29C4BE005F2E69;
			remoteInfo = CozyNCLEXPrepWidgetsExtension;
		};
/* End PBXContainerItemProxy section */

/* Begin PBXCopyFilesBuildPhase section */
		51FB212E2F29C4BF005F2E69 /* Embed Foundation Extensions */ = {
			isa = PBXCopyFilesBuildPhase;
			buildActionMask = 2147483647;
			dstPath = "";
			dstSubfolderSpec = 13;
			files = (
				51FB21292F29C4BF005F2E69 /* CozyNCLEXPrepWidgetsExtension.appex in Embed Foundation Extensions */,
			);
			name = "Embed Foundation Extensions";
			runOnlyForDeploymentPostprocessing = 0;
		};
/* End PBXCopyFilesBuildPhase section */

/* Begin PBXFileReference section */
		10D4E8F1789DC8126B065A4C /* PrivacyInfo.xcprivacy */ = {isa = PBXFileReference; lastKnownFileType = text.xml; path = PrivacyInfo.xcprivacy; sourceTree = "<group>"; };
		516C45712F218F3400AB69D1 /* CozyNCLEXPrep.app */ = {isa = PBXFileReference; explicitFileType = wrapper.application; includeInIndex = 0; path = CozyNCLEXPrep.app; sourceTree = BUILT_PRODUCTS_DIR; };
		516C457E2F218F3500AB69D1 /* CozyNCLEXPrepTests.xctest */ = {isa = PBXFileReference; explicitFileType = wrapper.cfbundle; includeInIndex = 0; path = CozyNCLEXPrepTests.xctest; sourceTree = BUILT_PRODUCTS_DIR; };
		516C45882F218F3500AB69D1 /* CozyNCLEXPrepUITests.xctest */ = {isa = PBXFileReference; explicitFileType = wrapper.cfbundle; includeInIndex = 0; path = CozyNCLEXPrepUITests.xctest; sourceTree = BUILT_PRODUCTS_DIR; };
		51FB21172F29C4BE005F2E69 /* CozyNCLEXPrepWidgetsExtension.appex */ = {isa = PBXFileReference; explicitFileType = "wrapper.app-extension"; includeInIndex = 0; path = CozyNCLEXPrepWidgetsExtension.appex; sourceTree = BUILT_PRODUCTS_DIR; };
		51FB21192F29C4BE005F2E69 /* WidgetKit.framework */ = {isa = PBXFileReference; lastKnownFileType = wrapper.framework; name = WidgetKit.framework; path = System/Library/Frameworks/WidgetKit.framework; sourceTree = SDKROOT; };
		51FB211B2F29C4BE005F2E69 /* SwiftUI.framework */ = {isa = PBXFileReference; lastKnownFileType = wrapper.framework; name = SwiftUI.framework; path = System/Library/Frameworks/SwiftUI.framework; sourceTree = SDKROOT; };
/* End PBXFileReference section */

/* Begin PBXFileSystemSynchronizedBuildFileExceptionSet section */
		51FB212A2F29C4BF005F2E69 /* Exceptions for "CozyNCLEXPrepWidgets" folder in "CozyNCLEXPrepWidgetsExtension" target */ = {
			isa = PBXFileSystemSynchronizedBuildFileExceptionSet;
			membershipExceptions = (
				Info.plist,
			);
			target = 51FB21162F29C4BE005F2E69 /* CozyNCLEXPrepWidgetsExtension */;
		};
/* End PBXFileSystemSynchronizedBuildFileExceptionSet section */

/* Begin PBXFileSystemSynchronizedRootGroup section */
		516C45732F218F3400AB69D1 /* CozyNCLEXPrep */ = {
			isa = PBXFileSystemSynchronizedRootGroup;
			path = CozyNCLEXPrep;
			sourceTree = "<group>";
		};
		516C45812F218F3500AB69D1 /* CozyNCLEXPrepTests */ = {
			isa = PBXFileSystemSynchronizedRootGroup;
			path = CozyNCLEXPrepTests;
			sourceTree = "<group>";
		};
		516C458B2F218F3500AB69D1 /* CozyNCLEXPrepUITests */ = {
			isa = PBXFileSystemSynchronizedRootGroup;
			path = CozyNCLEXPrepUITests;
			sourceTree = "<group>";
		};
		51FB211D2F29C4BE005F2E69 /* CozyNCLEXPrepWidgets */ = {
			isa = PBXFileSystemSynchronizedRootGroup;
			exceptions = (
				51FB212A2F29C4BF005F2E69 /* Exceptions for "CozyNCLEXPrepWidgets" folder in "CozyNCLEXPrepWidgetsExtension" target */,
			);
			path = CozyNCLEXPrepWidgets;
			sourceTree = "<group>";
		};
/* End PBXFileSystemSynchronizedRootGroup section */

/* Begin PBXFrameworksBuildPhase section */
		516C456E2F218F3400AB69D1 /* Frameworks */ = {
			isa = PBXFrameworksBuildPhase;
			buildActionMask = 2147483647;
			files = (
				516C4C052F27EA3E00AB69D1 /* Supabase in Frameworks */,
				516C4C042F27EA3E00AB69D1 /* GoogleSignIn in Frameworks */,
			);
			runOnlyForDeploymentPostprocessing = 0;
		};
		516C457B2F218F3500AB69D1 /* Frameworks */ = {
			isa = PBXFrameworksBuildPhase;
			buildActionMask = 2147483647;
			files = (
			);
			runOnlyForDeploymentPostprocessing = 0;
		};
		516C45852F218F3500AB69D1 /* Frameworks */ = {
			isa = PBXFrameworksBuildPhase;
			buildActionMask = 2147483647;
			files = (
			);
			runOnlyForDeploymentPostprocessing = 0;
		};
		51FB21142F29C4BE005F2E69 /* Frameworks */ = {
			isa = PBXFrameworksBuildPhase;
			buildActionMask = 2147483647;
			files = (
				51FB211C2F29C4BE005F2E69 /* SwiftUI.framework in Frameworks */,
				51FB211A2F29C4BE005F2E69 /* WidgetKit.framework in Frameworks */,
			);
			runOnlyForDeploymentPostprocessing = 0;
		};
/* End PBXFrameworksBuildPhase section */

/* Begin PBXGroup section */
		516C45682F218F3400AB69D1 = {
			isa = PBXGroup;
			children = (
				10D4E8F1789DC8126B065A4C /* PrivacyInfo.xcprivacy */,
				516C45732F218F3400AB69D1 /* CozyNCLEXPrep */,
				516C45812F218F3500AB69D1 /* CozyNCLEXPrepTests */,
				516C458B2F218F3500AB69D1 /* CozyNCLEXPrepUITests */,
				51FB211D2F29C4BE005F2E69 /* CozyNCLEXPrepWidgets */,
				51FB21182F29C4BE005F2E69 /* Frameworks */,
				516C45722F218F3400AB69D1 /* Products */,
			);
			sourceTree = "<group>";
		};
		516C45722F218F3400AB69D1 /* Products */ = {
			isa = PBXGroup;
			children = (
				516C45712F218F3400AB69D1 /* CozyNCLEXPrep.app */,
				516C457E2F218F3500AB69D1 /* CozyNCLEXPrepTests.xctest */,
				516C45882F218F3500AB69D1 /* CozyNCLEXPrepUITests.xctest */,
				51FB21172F29C4BE005F2E69 /* CozyNCLEXPrepWidgetsExtension.appex */,
			);
			name = Products;
			sourceTree = "<group>";
		};
		51FB21182F29C4BE005F2E69 /* Frameworks */ = {
			isa = PBXGroup;
			children = (
				51FB21192F29C4BE005F2E69 /* WidgetKit.framework */,
				51FB211B2F29C4BE005F2E69 /* SwiftUI.framework */,
			);
			name = Frameworks;
			sourceTree = "<group>";
		};
/* End PBXGroup section */

/* Begin PBXNativeTarget section */
		516C45702F218F3400AB69D1 /* CozyNCLEXPrep */ = {
			isa = PBXNativeTarget;
			buildConfigurationList = 516C45922F218F3500AB69D1 /* Build configuration list for PBXNativeTarget "CozyNCLEXPrep" */;
			buildPhases = (
				516C456D2F218F3400AB69D1 /* Sources */,
				516C456E2F218F3400AB69D1 /* Frameworks */,
				516C456F2F218F3400AB69D1 /* Resources */,
				51FB212E2F29C4BF005F2E69 /* Embed Foundation Extensions */,
			);
			buildRules = (
			);
			dependencies = (
				51FB21282F29C4BF005F2E69 /* PBXTargetDependency */,
			);
			fileSystemSynchronizedGroups = (
				516C45732F218F3400AB69D1 /* CozyNCLEXPrep */,
			);
			name = CozyNCLEXPrep;
			packageProductDependencies = (
				516C4BB92F27EA0100AB69D1 /* GoogleSignIn */,
				516C4BBA2F27EA0600AB69D1 /* Supabase */,
			);
			productName = CozyNCLEXPrep;
			productReference = 516C45712F218F3400AB69D1 /* CozyNCLEXPrep.app */;
			productType = "com.apple.product-type.application";
		};
		516C457D2F218F3500AB69D1 /* CozyNCLEXPrepTests */ = {
			isa = PBXNativeTarget;
			buildConfigurationList = 516C45952F218F3500AB69D1 /* Build configuration list for PBXNativeTarget "CozyNCLEXPrepTests" */;
			buildPhases = (
				516C457A2F218F3500AB69D1 /* Sources */,
				516C457B2F218F3500AB69D1 /* Frameworks */,
				516C457C2F218F3500AB69D1 /* Resources */,
			);
			buildRules = (
			);
			dependencies = (
				516C45802F218F3500AB69D1 /* PBXTargetDependency */,
			);
			fileSystemSynchronizedGroups = (
				516C45812F218F3500AB69D1 /* CozyNCLEXPrepTests */,
			);
			name = CozyNCLEXPrepTests;
			packageProductDependencies = (
			);
			productName = CozyNCLEXPrepTests;
			productReference = 516C457E2F218F3500AB69D1 /* CozyNCLEXPrepTests.xctest */;
			productType = "com.apple.product-type.bundle.unit-test";
		};
		516C45872F218F3500AB69D1 /* CozyNCLEXPrepUITests */ = {
			isa = PBXNativeTarget;
			buildConfigurationList = 516C45982F218F3500AB69D1 /* Build configuration list for PBXNativeTarget "CozyNCLEXPrepUITests" */;
			buildPhases = (
				516C45842F218F3500AB69D1 /* Sources */,
				516C45852F218F3500AB69D1 /* Frameworks */,
				516C45862F218F3500AB69D1 /* Resources */,
			);
			buildRules = (
			);
			dependencies = (
				516C458A2F218F3500AB69D1 /* PBXTargetDependency */,
			);
			fileSystemSynchronizedGroups = (
				516C458B2F218F3500AB69D1 /* CozyNCLEXPrepUITests */,
			);
			name = CozyNCLEXPrepUITests;
			packageProductDependencies = (
			);
			productName = CozyNCLEXPrepUITests;
			productReference = 516C45882F218F3500AB69D1 /* CozyNCLEXPrepUITests.xctest */;
			productType = "com.apple.product-type.bundle.ui-testing";
		};
		51FB21162F29C4BE005F2E69 /* CozyNCLEXPrepWidgetsExtension */ = {
			isa = PBXNativeTarget;
			buildConfigurationList = 51FB212B2F29C4BF005F2E69 /* Build configuration list for PBXNativeTarget "CozyNCLEXPrepWidgetsExtension" */;
			buildPhases = (
				51FB21132F29C4BE005F2E69 /* Sources */,
				51FB21142F29C4BE005F2E69 /* Frameworks */,
				51FB21152F29C4BE005F2E69 /* Resources */,
			);
			buildRules = (
			);
			dependencies = (
			);
			fileSystemSynchronizedGroups = (
				51FB211D2F29C4BE005F2E69 /* CozyNCLEXPrepWidgets */,
			);
			name = CozyNCLEXPrepWidgetsExtension;
			packageProductDependencies = (
			);
			productName = CozyNCLEXPrepWidgetsExtension;
			productReference = 51FB21172F29C4BE005F2E69 /* CozyNCLEXPrepWidgetsExtension.appex */;
			productType = "com.apple.product-type.app-extension";
		};
/* End PBXNativeTarget section */

/* Begin PBXProject section */
		516C45692F218F3400AB69D1 /* Project object */ = {
			isa = PBXProject;
			attributes = {
				BuildIndependentTargetsInParallel = 1;
				LastSwiftUpdateCheck = 2620;
				LastUpgradeCheck = 2620;
				TargetAttributes = {
					516C45702F218F3400AB69D1 = {
						CreatedOnToolsVersion = 26.2;
					};
					516C457D2F218F3500AB69D1 = {
						CreatedOnToolsVersion = 26.2;
						TestTargetID = 516C45702F218F3400AB69D1;
					};
					516C45872F218F3500AB69D1 = {
						CreatedOnToolsVersion = 26.2;
						TestTargetID = 516C45702F218F3400AB69D1;
					};
					51FB21162F29C4BE005F2E69 = {
						CreatedOnToolsVersion = 26.2;
					};
				};
			};
			buildConfigurationList = 516C456C2F218F3400AB69D1 /* Build configuration list for PBXProject "CozyNCLEXPrep" */;
			developmentRegion = en;
			hasScannedForEncodings = 0;
			knownRegions = (
				en,
				Base,
			);
			mainGroup = 516C45682F218F3400AB69D1;
			minimizedProjectReferenceProxies = 1;
			packageReferences = (
				516C4BB72F27E9F700AB69D1 /* XCRemoteSwiftPackageReference "GoogleSignIn-iOS" */,
				516C4BB82F27E9FC00AB69D1 /* XCRemoteSwiftPackageReference "supabase-swift" */,
			);
			preferredProjectObjectVersion = 77;
			productRefGroup = 516C45722F218F3400AB69D1 /* Products */;
			projectDirPath = "";
			projectRoot = "";
			targets = (
				516C45702F218F3400AB69D1 /* CozyNCLEXPrep */,
				516C457D2F218F3500AB69D1 /* CozyNCLEXPrepTests */,
				516C45872F218F3500AB69D1 /* CozyNCLEXPrepUITests */,
				51FB21162F29C4BE005F2E69 /* CozyNCLEXPrepWidgetsExtension */,
			);
		};
/* End PBXProject section */

/* Begin PBXResourcesBuildPhase section */
		516C456F2F218F3400AB69D1 /* Resources */ = {
			isa = PBXResourcesBuildPhase;
			buildActionMask = 2147483647;
			files = (
			);
			runOnlyForDeploymentPostprocessing = 0;
		};
		516C457C2F218F3500AB69D1 /* Resources */ = {
			isa = PBXResourcesBuildPhase;
			buildActionMask = 2147483647;
			files = (
			);
			runOnlyForDeploymentPostprocessing = 0;
		};
		516C45862F218F3500AB69D1 /* Resources */ = {
			isa = PBXResourcesBuildPhase;
			buildActionMask = 2147483647;
			files = (
			);
			runOnlyForDeploymentPostprocessing = 0;
		};
		51FB21152F29C4BE005F2E69 /* Resources */ = {
			isa = PBXResourcesBuildPhase;
			buildActionMask = 2147483647;
			files = (
			);
			runOnlyForDeploymentPostprocessing = 0;
		};
/* End PBXResourcesBuildPhase section */

/* Begin PBXSourcesBuildPhase section */
		516C456D2F218F3400AB69D1 /* Sources */ = {
			isa = PBXSourcesBuildPhase;
			buildActionMask = 2147483647;
			files = (
			);
			runOnlyForDeploymentPostprocessing = 0;
		};
		516C457A2F218F3500AB69D1 /* Sources */ = {
			isa = PBXSourcesBuildPhase;
			buildActionMask = 2147483647;
			files = (
			);
			runOnlyForDeploymentPostprocessing = 0;
		};
		516C45842F218F3500AB69D1 /* Sources */ = {
			isa = PBXSourcesBuildPhase;
			buildActionMask = 2147483647;
			files = (
			);
			runOnlyForDeploymentPostprocessing = 0;
		};
		51FB21132F29C4BE005F2E69 /* Sources */ = {
			isa = PBXSourcesBuildPhase;
			buildActionMask = 2147483647;
			files = (
			);
			runOnlyForDeploymentPostprocessing = 0;
		};
/* End PBXSourcesBuildPhase section */

/* Begin PBXTargetDependency section */
		516C45802F218F3500AB69D1 /* PBXTargetDependency */ = {
			isa = PBXTargetDependency;
			target = 516C45702F218F3400AB69D1 /* CozyNCLEXPrep */;
			targetProxy = 516C457F2F218F3500AB69D1 /* PBXContainerItemProxy */;
		};
		516C458A2F218F3500AB69D1 /* PBXTargetDependency */ = {
			isa = PBXTargetDependency;
			target = 516C45702F218F3400AB69D1 /* CozyNCLEXPrep */;
			targetProxy = 516C45892F218F3500AB69D1 /* PBXContainerItemProxy */;
		};
		51FB21282F29C4BF005F2E69 /* PBXTargetDependency */ = {
			isa = PBXTargetDependency;
			target = 51FB21162F29C4BE005F2E69 /* CozyNCLEXPrepWidgetsExtension */;
			targetProxy = 51FB21272F29C4BF005F2E69 /* PBXContainerItemProxy */;
		};
/* End PBXTargetDependency section */

/* Begin XCBuildConfiguration section */
		516C45902F218F3500AB69D1 /* Debug */ = {
			isa = XCBuildConfiguration;
			buildSettings = {
				ALWAYS_SEARCH_USER_PATHS = NO;
				ASSETCATALOG_COMPILER_GENERATE_SWIFT_ASSET_SYMBOL_EXTENSIONS = YES;
				CLANG_ANALYZER_NONNULL = YES;
				CLANG_ANALYZER_NUMBER_OBJECT_CONVERSION = YES_AGGRESSIVE;
				CLANG_CXX_LANGUAGE_STANDARD = "gnu++20";
				CLANG_ENABLE_MODULES = YES;
				CLANG_ENABLE_OBJC_ARC = YES;
				CLANG_ENABLE_OBJC_WEAK = YES;
				CLANG_WARN_BLOCK_CAPTURE_AUTORELEASING = YES;
				CLANG_WARN_BOOL_CONVERSION = YES;
				CLANG_WARN_COMMA = YES;
				CLANG_WARN_CONSTANT_CONVERSION = YES;
				CLANG_WARN_DEPRECATED_OBJC_IMPLEMENTATIONS = YES;
				CLANG_WARN_DIRECT_OBJC_ISA_USAGE = YES_ERROR;
				CLANG_WARN_DOCUMENTATION_COMMENTS = YES;
				CLANG_WARN_EMPTY_BODY = YES;
				CLANG_WARN_ENUM_CONVERSION = YES;
				CLANG_WARN_INFINITE_RECURSION = YES;
				CLANG_WARN_INT_CONVERSION = YES;
				CLANG_WARN_NON_LITERAL_NULL_CONVERSION = YES;
				CLANG_WARN_OBJC_IMPLICIT_RETAIN_SELF = YES;
				CLANG_WARN_OBJC_LITERAL_CONVERSION = YES;
				CLANG_WARN_OBJC_ROOT_CLASS = YES_ERROR;
				CLANG_WARN_QUOTED_INCLUDE_IN_FRAMEWORK_HEADER = YES;
				CLANG_WARN_RANGE_LOOP_ANALYSIS = YES;
				CLANG_WARN_STRICT_PROTOTYPES = YES;
				CLANG_WARN_SUSPICIOUS_MOVE = YES;
				CLANG_WARN_UNGUARDED_AVAILABILITY = YES_AGGRESSIVE;
				CLANG_WARN_UNREACHABLE_CODE = YES;
				CLANG_WARN__DUPLICATE_METHOD_MATCH = YES;
				COPY_PHASE_STRIP = NO;
				DEBUG_INFORMATION_FORMAT = dwarf;
				DEVELOPMENT_TEAM = 58JRWL2ASQ;
				ENABLE_STRICT_OBJC_MSGSEND = YES;
				ENABLE_TESTABILITY = YES;
				ENABLE_USER_SCRIPT_SANDBOXING = YES;
				GCC_C_LANGUAGE_STANDARD = gnu17;
				GCC_DYNAMIC_NO_PIC = NO;
				GCC_NO_COMMON_BLOCKS = YES;
				GCC_OPTIMIZATION_LEVEL = 0;
				GCC_PREPROCESSOR_DEFINITIONS = (
					"DEBUG=1",
					"$(inherited)",
				);
				GCC_WARN_64_TO_32_BIT_CONVERSION = YES;
				GCC_WARN_ABOUT_RETURN_TYPE = YES_ERROR;
				GCC_WARN_UNDECLARED_SELECTOR = YES;
				GCC_WARN_UNINITIALIZED_AUTOS = YES_AGGRESSIVE;
				GCC_WARN_UNUSED_FUNCTION = YES;
				GCC_WARN_UNUSED_VARIABLE = YES;
				LOCALIZATION_PREFERS_STRING_CATALOGS = YES;
				MTL_ENABLE_DEBUG_INFO = INCLUDE_SOURCE;
				MTL_FAST_MATH = YES;
				ONLY_ACTIVE_ARCH = YES;
				SWIFT_ACTIVE_COMPILATION_CONDITIONS = "DEBUG $(inherited)";
				SWIFT_OPTIMIZATION_LEVEL = "-Onone";
			};
			name = Debug;
		};
		516C45912F218F3500AB69D1 /* Release */ = {
			isa = XCBuildConfiguration;
			buildSettings = {
				ALWAYS_SEARCH_USER_PATHS = NO;
				ASSETCATALOG_COMPILER_GENERATE_SWIFT_ASSET_SYMBOL_EXTENSIONS = YES;
				CLANG_ANALYZER_NONNULL = YES;
				CLANG_ANALYZER_NUMBER_OBJECT_CONVERSION = YES_AGGRESSIVE;
				CLANG_CXX_LANGUAGE_STANDARD = "gnu++20";
				CLANG_ENABLE_MODULES = YES;
				CLANG_ENABLE_OBJC_ARC = YES;
				CLANG_ENABLE_OBJC_WEAK = YES;
				CLANG_WARN_BLOCK_CAPTURE_AUTORELEASING = YES;
				CLANG_WARN_BOOL_CONVERSION = YES;
				CLANG_WARN_COMMA = YES;
				CLANG_WARN_CONSTANT_CONVERSION = YES;
				CLANG_WARN_DEPRECATED_OBJC_IMPLEMENTATIONS = YES;
				CLANG_WARN_DIRECT_OBJC_ISA_USAGE = YES_ERROR;
				CLANG_WARN_DOCUMENTATION_COMMENTS = YES;
				CLANG_WARN_EMPTY_BODY = YES;
				CLANG_WARN_ENUM_CONVERSION = YES;
				CLANG_WARN_INFINITE_RECURSION = YES;
				CLANG_WARN_INT_CONVERSION = YES;
				CLANG_WARN_NON_LITERAL_NULL_CONVERSION = YES;
				CLANG_WARN_OBJC_IMPLICIT_RETAIN_SELF = YES;
				CLANG_WARN_OBJC_LITERAL_CONVERSION = YES;
				CLANG_WARN_OBJC_ROOT_CLASS = YES_ERROR;
				CLANG_WARN_QUOTED_INCLUDE_IN_FRAMEWORK_HEADER = YES;
				CLANG_WARN_RANGE_LOOP_ANALYSIS = YES;
				CLANG_WARN_STRICT_PROTOTYPES = YES;
				CLANG_WARN_SUSPICIOUS_MOVE = YES;
				CLANG_WARN_UNGUARDED_AVAILABILITY = YES_AGGRESSIVE;
				CLANG_WARN_UNREACHABLE_CODE = YES;
				CLANG_WARN__DUPLICATE_METHOD_MATCH = YES;
				COPY_PHASE_STRIP = NO;
				DEBUG_INFORMATION_FORMAT = "dwarf-with-dsym";
				DEVELOPMENT_TEAM = 58JRWL2ASQ;
				ENABLE_NS_ASSERTIONS = NO;
				ENABLE_STRICT_OBJC_MSGSEND = YES;
				ENABLE_USER_SCRIPT_SANDBOXING = YES;
				GCC_C_LANGUAGE_STANDARD = gnu17;
				GCC_NO_COMMON_BLOCKS = YES;
				GCC_WARN_64_TO_32_BIT_CONVERSION = YES;
				GCC_WARN_ABOUT_RETURN_TYPE = YES_ERROR;
				GCC_WARN_UNDECLARED_SELECTOR = YES;
				GCC_WARN_UNINITIALIZED_AUTOS = YES_AGGRESSIVE;
				GCC_WARN_UNUSED_FUNCTION = YES;
				GCC_WARN_UNUSED_VARIABLE = YES;
				LOCALIZATION_PREFERS_STRING_CATALOGS = YES;
				MTL_ENABLE_DEBUG_INFO = NO;
				MTL_FAST_MATH = YES;
				SWIFT_COMPILATION_MODE = wholemodule;
			};
			name = Release;
		};
		516C45932F218F3500AB69D1 /* Debug */ = {
			isa = XCBuildConfiguration;
			buildSettings = {
				ASSETCATALOG_COMPILER_APPICON_NAME = AppIcon;
				ASSETCATALOG_COMPILER_GLOBAL_ACCENT_COLOR_NAME = AccentColor;
				CODE_SIGN_ENTITLEMENTS = CozyNCLEXPrep/CozyNCLEXPrep.entitlements;
				CODE_SIGN_STYLE = Automatic;
				CURRENT_PROJECT_VERSION = 1;
				DEVELOPMENT_TEAM = 58JRWL2ASQ;
				ENABLE_APP_SANDBOX = YES;
				ENABLE_HARDENED_RUNTIME = YES;
				ENABLE_PREVIEWS = YES;
				ENABLE_USER_SELECTED_FILES = readonly;
				GENERATE_INFOPLIST_FILE = NO;
				INFOPLIST_FILE = "$(SRCROOT)/SupportingFiles/Info.plist";
				"INFOPLIST_KEY_UIApplicationSceneManifest_Generation[sdk=iphoneos*]" = YES;
				"INFOPLIST_KEY_UIApplicationSceneManifest_Generation[sdk=iphonesimulator*]" = YES;
				"INFOPLIST_KEY_UIApplicationSupportsIndirectInputEvents[sdk=iphoneos*]" = YES;
				"INFOPLIST_KEY_UIApplicationSupportsIndirectInputEvents[sdk=iphonesimulator*]" = YES;
				INFOPLIST_KEY_UILaunchStoryboardName = LaunchScreen;
				"INFOPLIST_KEY_UIStatusBarStyle[sdk=iphoneos*]" = UIStatusBarStyleDefault;
				"INFOPLIST_KEY_UIStatusBarStyle[sdk=iphonesimulator*]" = UIStatusBarStyleDefault;
				INFOPLIST_KEY_UISupportedInterfaceOrientations_iPad = "UIInterfaceOrientationPortrait UIInterfaceOrientationPortraitUpsideDown UIInterfaceOrientationLandscapeLeft UIInterfaceOrientationLandscapeRight";
				INFOPLIST_KEY_UISupportedInterfaceOrientations_iPhone = "UIInterfaceOrientationPortrait UIInterfaceOrientationLandscapeLeft UIInterfaceOrientationLandscapeRight";
				IPHONEOS_DEPLOYMENT_TARGET = 26.2;
				LD_RUNPATH_SEARCH_PATHS = "@executable_path/Frameworks";
				"LD_RUNPATH_SEARCH_PATHS[sdk=macosx*]" = "@executable_path/../Frameworks";
				MACOSX_DEPLOYMENT_TARGET = 26.2;
				MARKETING_VERSION = 1.1;
				PRODUCT_BUNDLE_IDENTIFIER = EthanLong.CozyNCLEXPrep;
				PRODUCT_NAME = "$(TARGET_NAME)";
				REGISTER_APP_GROUPS = YES;
				SDKROOT = auto;
				STRING_CATALOG_GENERATE_SYMBOLS = YES;
				SUPPORTED_PLATFORMS = "iphoneos iphonesimulator macosx xros xrsimulator";
				SWIFT_APPROACHABLE_CONCURRENCY = YES;
				SWIFT_DEFAULT_ACTOR_ISOLATION = MainActor;
				SWIFT_EMIT_LOC_STRINGS = YES;
				SWIFT_UPCOMING_FEATURE_MEMBER_IMPORT_VISIBILITY = YES;
				SWIFT_VERSION = 5.0;
				TARGETED_DEVICE_FAMILY = "1,2,7";
				XROS_DEPLOYMENT_TARGET = 26.2;
			};
			name = Debug;
		};
		516C45942F218F3500AB69D1 /* Release */ = {
			isa = XCBuildConfiguration;
			buildSettings = {
				ASSETCATALOG_COMPILER_APPICON_NAME = AppIcon;
				ASSETCATALOG_COMPILER_GLOBAL_ACCENT_COLOR_NAME = AccentColor;
				CODE_SIGN_ENTITLEMENTS = CozyNCLEXPrep/CozyNCLEXPrep.entitlements;
				CODE_SIGN_STYLE = Automatic;
				CURRENT_PROJECT_VERSION = 1;
				DEVELOPMENT_TEAM = 58JRWL2ASQ;
				ENABLE_APP_SANDBOX = YES;
				ENABLE_HARDENED_RUNTIME = YES;
				ENABLE_PREVIEWS = YES;
				ENABLE_USER_SELECTED_FILES = readonly;
				GENERATE_INFOPLIST_FILE = NO;
				INFOPLIST_FILE = "$(SRCROOT)/SupportingFiles/Info.plist";
				"INFOPLIST_KEY_UIApplicationSceneManifest_Generation[sdk=iphoneos*]" = YES;
				"INFOPLIST_KEY_UIApplicationSceneManifest_Generation[sdk=iphonesimulator*]" = YES;
				"INFOPLIST_KEY_UIApplicationSupportsIndirectInputEvents[sdk=iphoneos*]" = YES;
				"INFOPLIST_KEY_UIApplicationSupportsIndirectInputEvents[sdk=iphonesimulator*]" = YES;
				INFOPLIST_KEY_UILaunchStoryboardName = LaunchScreen;
				"INFOPLIST_KEY_UIStatusBarStyle[sdk=iphoneos*]" = UIStatusBarStyleDefault;
				"INFOPLIST_KEY_UIStatusBarStyle[sdk=iphonesimulator*]" = UIStatusBarStyleDefault;
				INFOPLIST_KEY_UISupportedInterfaceOrientations_iPad = "UIInterfaceOrientationPortrait UIInterfaceOrientationPortraitUpsideDown UIInterfaceOrientationLandscapeLeft UIInterfaceOrientationLandscapeRight";
				INFOPLIST_KEY_UISupportedInterfaceOrientations_iPhone = "UIInterfaceOrientationPortrait UIInterfaceOrientationLandscapeLeft UIInterfaceOrientationLandscapeRight";
				IPHONEOS_DEPLOYMENT_TARGET = 26.2;
				LD_RUNPATH_SEARCH_PATHS = "@executable_path/Frameworks";
				"LD_RUNPATH_SEARCH_PATHS[sdk=macosx*]" = "@executable_path/../Frameworks";
				MACOSX_DEPLOYMENT_TARGET = 26.2;
				MARKETING_VERSION = 1.1;
				PRODUCT_BUNDLE_IDENTIFIER = EthanLong.CozyNCLEXPrep;
				PRODUCT_NAME = "$(TARGET_NAME)";
				REGISTER_APP_GROUPS = YES;
				SDKROOT = auto;
				STRING_CATALOG_GENERATE_SYMBOLS = YES;
				SUPPORTED_PLATFORMS = "iphoneos iphonesimulator macosx xros xrsimulator";
				SWIFT_APPROACHABLE_CONCURRENCY = YES;
				SWIFT_DEFAULT_ACTOR_ISOLATION = MainActor;
				SWIFT_EMIT_LOC_STRINGS = YES;
				SWIFT_UPCOMING_FEATURE_MEMBER_IMPORT_VISIBILITY = YES;
				SWIFT_VERSION = 5.0;
				TARGETED_DEVICE_FAMILY = "1,2,7";
				XROS_DEPLOYMENT_TARGET = 26.2;
			};
			name = Release;
		};
		516C45962F218F3500AB69D1 /* Debug */ = {
			isa = XCBuildConfiguration;
			buildSettings = {
				BUNDLE_LOADER = "$(TEST_HOST)";
				CODE_SIGN_STYLE = Automatic;
				CURRENT_PROJECT_VERSION = 1;
				DEVELOPMENT_TEAM = 58JRWL2ASQ;
				GENERATE_INFOPLIST_FILE = YES;
				IPHONEOS_DEPLOYMENT_TARGET = 26.2;
				MACOSX_DEPLOYMENT_TARGET = 26.2;
				MARKETING_VERSION = 1.0;
				PRODUCT_BUNDLE_IDENTIFIER = EthanLong.CozyNCLEXPrepTests;
				PRODUCT_NAME = "$(TARGET_NAME)";
				SDKROOT = auto;
				STRING_CATALOG_GENERATE_SYMBOLS = NO;
				SUPPORTED_PLATFORMS = "iphoneos iphonesimulator macosx xros xrsimulator";
				SWIFT_APPROACHABLE_CONCURRENCY = YES;
				SWIFT_EMIT_LOC_STRINGS = NO;
				SWIFT_UPCOMING_FEATURE_MEMBER_IMPORT_VISIBILITY = YES;
				SWIFT_VERSION = 5.0;
				TARGETED_DEVICE_FAMILY = "1,2,7";
				TEST_HOST = "$(BUILT_PRODUCTS_DIR)/CozyNCLEXPrep.app/$(BUNDLE_EXECUTABLE_FOLDER_PATH)/CozyNCLEXPrep";
				XROS_DEPLOYMENT_TARGET = 26.2;
			};
			name = Debug;
		};
		516C45972F218F3500AB69D1 /* Release */ = {
			isa = XCBuildConfiguration;
			buildSettings = {
				BUNDLE_LOADER = "$(TEST_HOST)";
				CODE_SIGN_STYLE = Automatic;
				CURRENT_PROJECT_VERSION = 1;
				DEVELOPMENT_TEAM = 58JRWL2ASQ;
				GENERATE_INFOPLIST_FILE = YES;
				IPHONEOS_DEPLOYMENT_TARGET = 26.2;
				MACOSX_DEPLOYMENT_TARGET = 26.2;
				MARKETING_VERSION = 1.0;
				PRODUCT_BUNDLE_IDENTIFIER = EthanLong.CozyNCLEXPrepTests;
				PRODUCT_NAME = "$(TARGET_NAME)";
				SDKROOT = auto;
				STRING_CATALOG_GENERATE_SYMBOLS = NO;
				SUPPORTED_PLATFORMS = "iphoneos iphonesimulator macosx xros xrsimulator";
				SWIFT_APPROACHABLE_CONCURRENCY = YES;
				SWIFT_EMIT_LOC_STRINGS = NO;
				SWIFT_UPCOMING_FEATURE_MEMBER_IMPORT_VISIBILITY = YES;
				SWIFT_VERSION = 5.0;
				TARGETED_DEVICE_FAMILY = "1,2,7";
				TEST_HOST = "$(BUILT_PRODUCTS_DIR)/CozyNCLEXPrep.app/$(BUNDLE_EXECUTABLE_FOLDER_PATH)/CozyNCLEXPrep";
				XROS_DEPLOYMENT_TARGET = 26.2;
			};
			name = Release;
		};
		516C45992F218F3500AB69D1 /* Debug */ = {
			isa = XCBuildConfiguration;
			buildSettings = {
				CODE_SIGN_STYLE = Automatic;
				CURRENT_PROJECT_VERSION = 1;
				DEVELOPMENT_TEAM = 58JRWL2ASQ;
				GENERATE_INFOPLIST_FILE = YES;
				IPHONEOS_DEPLOYMENT_TARGET = 26.2;
				MACOSX_DEPLOYMENT_TARGET = 26.2;
				MARKETING_VERSION = 1.0;
				PRODUCT_BUNDLE_IDENTIFIER = EthanLong.CozyNCLEXPrepUITests;
				PRODUCT_NAME = "$(TARGET_NAME)";
				SDKROOT = auto;
				STRING_CATALOG_GENERATE_SYMBOLS = NO;
				SUPPORTED_PLATFORMS = "iphoneos iphonesimulator macosx xros xrsimulator";
				SWIFT_APPROACHABLE_CONCURRENCY = YES;
				SWIFT_EMIT_LOC_STRINGS = NO;
				SWIFT_UPCOMING_FEATURE_MEMBER_IMPORT_VISIBILITY = YES;
				SWIFT_VERSION = 5.0;
				TARGETED_DEVICE_FAMILY = "1,2,7";
				TEST_TARGET_NAME = CozyNCLEXPrep;
				XROS_DEPLOYMENT_TARGET = 26.2;
			};
			name = Debug;
		};
		516C459A2F218F3500AB69D1 /* Release */ = {
			isa = XCBuildConfiguration;
			buildSettings = {
				CODE_SIGN_STYLE = Automatic;
				CURRENT_PROJECT_VERSION = 1;
				DEVELOPMENT_TEAM = 58JRWL2ASQ;
				GENERATE_INFOPLIST_FILE = YES;
				IPHONEOS_DEPLOYMENT_TARGET = 26.2;
				MACOSX_DEPLOYMENT_TARGET = 26.2;
				MARKETING_VERSION = 1.0;
				PRODUCT_BUNDLE_IDENTIFIER = EthanLong.CozyNCLEXPrepUITests;
				PRODUCT_NAME = "$(TARGET_NAME)";
				SDKROOT = auto;
				STRING_CATALOG_GENERATE_SYMBOLS = NO;
				SUPPORTED_PLATFORMS = "iphoneos iphonesimulator macosx xros xrsimulator";
				SWIFT_APPROACHABLE_CONCURRENCY = YES;
				SWIFT_EMIT_LOC_STRINGS = NO;
				SWIFT_UPCOMING_FEATURE_MEMBER_IMPORT_VISIBILITY = YES;
				SWIFT_VERSION = 5.0;
				TARGETED_DEVICE_FAMILY = "1,2,7";
				TEST_TARGET_NAME = CozyNCLEXPrep;
				XROS_DEPLOYMENT_TARGET = 26.2;
			};
			name = Release;
		};
		51FB212C2F29C4BF005F2E69 /* Debug */ = {
			isa = XCBuildConfiguration;
			buildSettings = {
				ASSETCATALOG_COMPILER_GLOBAL_ACCENT_COLOR_NAME = AccentColor;
				ASSETCATALOG_COMPILER_WIDGET_BACKGROUND_COLOR_NAME = WidgetBackground;
				CODE_SIGN_ENTITLEMENTS = CozyNCLEXPrepWidgets/CozyNCLEXPrepWidgets.entitlements;
				CODE_SIGN_STYLE = Automatic;
				CURRENT_PROJECT_VERSION = 1;
				DEVELOPMENT_TEAM = 58JRWL2ASQ;
				GENERATE_INFOPLIST_FILE = YES;
				INFOPLIST_FILE = CozyNCLEXPrepWidgets/Info.plist;
				INFOPLIST_KEY_CFBundleDisplayName = CozyNCLEXPrepWidgets;
				INFOPLIST_KEY_NSHumanReadableCopyright = "";
				IPHONEOS_DEPLOYMENT_TARGET = 17.0;
				LD_RUNPATH_SEARCH_PATHS = (
					"$(inherited)",
					"@executable_path/Frameworks",
					"@executable_path/../../Frameworks",
				);
				MARKETING_VERSION = 1.0;
				PRODUCT_BUNDLE_IDENTIFIER = EthanLong.CozyNCLEXPrep.CozyNCLEXPrepWidgets;
				PRODUCT_NAME = "$(TARGET_NAME)";
				REGISTER_APP_GROUPS = YES;
				SDKROOT = iphoneos;
				SKIP_INSTALL = YES;
				STRING_CATALOG_GENERATE_SYMBOLS = YES;
				SUPPORTED_PLATFORMS = "iphoneos iphonesimulator";
				SWIFT_APPROACHABLE_CONCURRENCY = YES;
				SWIFT_EMIT_LOC_STRINGS = YES;
				SWIFT_UPCOMING_FEATURE_MEMBER_IMPORT_VISIBILITY = YES;
				SWIFT_VERSION = 5.0;
				TARGETED_DEVICE_FAMILY = "1,2";
			};
			name = Debug;
		};
		51FB212D2F29C4BF005F2E69 /* Release */ = {
			isa = XCBuildConfiguration;
			buildSettings = {
				ASSETCATALOG_COMPILER_GLOBAL_ACCENT_COLOR_NAME = AccentColor;
				ASSETCATALOG_COMPILER_WIDGET_BACKGROUND_COLOR_NAME = WidgetBackground;
				CODE_SIGN_ENTITLEMENTS = CozyNCLEXPrepWidgets/CozyNCLEXPrepWidgets.entitlements;
				CODE_SIGN_STYLE = Automatic;
				CURRENT_PROJECT_VERSION = 1;
				DEVELOPMENT_TEAM = 58JRWL2ASQ;
				GENERATE_INFOPLIST_FILE = YES;
				INFOPLIST_FILE = CozyNCLEXPrepWidgets/Info.plist;
				INFOPLIST_KEY_CFBundleDisplayName = CozyNCLEXPrepWidgets;
				INFOPLIST_KEY_NSHumanReadableCopyright = "";
				IPHONEOS_DEPLOYMENT_TARGET = 17.0;
				LD_RUNPATH_SEARCH_PATHS = (
					"$(inherited)",
					"@executable_path/Frameworks",
					"@executable_path/../../Frameworks",
				);
				MARKETING_VERSION = 1.0;
				PRODUCT_BUNDLE_IDENTIFIER = EthanLong.CozyNCLEXPrep.CozyNCLEXPrepWidgets;
				PRODUCT_NAME = "$(TARGET_NAME)";
				REGISTER_APP_GROUPS = YES;
				SDKROOT = iphoneos;
				SKIP_INSTALL = YES;
				STRING_CATALOG_GENERATE_SYMBOLS = YES;
				SUPPORTED_PLATFORMS = "iphoneos iphonesimulator";
				SWIFT_APPROACHABLE_CONCURRENCY = YES;
				SWIFT_EMIT_LOC_STRINGS = YES;
				SWIFT_UPCOMING_FEATURE_MEMBER_IMPORT_VISIBILITY = YES;
				SWIFT_VERSION = 5.0;
				TARGETED_DEVICE_FAMILY = "1,2";
				VALIDATE_PRODUCT = YES;
			};
			name = Release;
		};
/* End XCBuildConfiguration section */

/* Begin XCConfigurationList section */
		516C456C2F218F3400AB69D1 /* Build configuration list for PBXProject "CozyNCLEXPrep" */ = {
			isa = XCConfigurationList;
			buildConfigurations = (
				516C45902F218F3500AB69D1 /* Debug */,
				516C45912F218F3500AB69D1 /* Release */,
			);
			defaultConfigurationIsVisible = 0;
			defaultConfigurationName = Release;
		};
		516C45922F218F3500AB69D1 /* Build configuration list for PBXNativeTarget "CozyNCLEXPrep" */ = {
			isa = XCConfigurationList;
			buildConfigurations = (
				516C45932F218F3500AB69D1 /* Debug */,
				516C45942F218F3500AB69D1 /* Release */,
			);
			defaultConfigurationIsVisible = 0;
			defaultConfigurationName = Release;
		};
		516C45952F218F3500AB69D1 /* Build configuration list for PBXNativeTarget "CozyNCLEXPrepTests" */ = {
			isa = XCConfigurationList;
			buildConfigurations = (
				516C45962F218F3500AB69D1 /* Debug */,
				516C45972F218F3500AB69D1 /* Release */,
			);
			defaultConfigurationIsVisible = 0;
			defaultConfigurationName = Release;
		};
		516C45982F218F3500AB69D1 /* Build configuration list for PBXNativeTarget "CozyNCLEXPrepUITests" */ = {
			isa = XCConfigurationList;
			buildConfigurations = (
				516C45992F218F3500AB69D1 /* Debug */,
				516C459A2F218F3500AB69D1 /* Release */,
			);
			defaultConfigurationIsVisible = 0;
			defaultConfigurationName = Release;
		};
		51FB212B2F29C4BF005F2E69 /* Build configuration list for PBXNativeTarget "CozyNCLEXPrepWidgetsExtension" */ = {
			isa = XCConfigurationList;
			buildConfigurations = (
				51FB212C2F29C4BF005F2E69 /* Debug */,
				51FB212D2F29C4BF005F2E69 /* Release */,
			);
			defaultConfigurationIsVisible = 0;
			defaultConfigurationName = Release;
		};
/* End XCConfigurationList section */

/* Begin XCRemoteSwiftPackageReference section */
		516C4BB72F27E9F700AB69D1 /* XCRemoteSwiftPackageReference "GoogleSignIn-iOS" */ = {
			isa = XCRemoteSwiftPackageReference;
			repositoryURL = "https://github.com/google/GoogleSignIn-iOS";
			requirement = {
				kind = upToNextMajorVersion;
				minimumVersion = 8.0.0;
			};
		};
		516C4BB82F27E9FC00AB69D1 /* XCRemoteSwiftPackageReference "supabase-swift" */ = {
			isa = XCRemoteSwiftPackageReference;
			repositoryURL = "https://github.com/supabase/supabase-swift";
			requirement = {
				kind = upToNextMajorVersion;
				minimumVersion = 2.5.0;
			};
		};
/* End XCRemoteSwiftPackageReference section */

/* Begin XCSwiftPackageProductDependency section */
		516C4BB92F27EA0100AB69D1 /* GoogleSignIn */ = {
			isa = XCSwiftPackageProductDependency;
			package = 516C4BB72F27E9F700AB69D1 /* XCRemoteSwiftPackageReference "GoogleSignIn-iOS" */;
			productName = GoogleSignIn;
		};
		516C4BBA2F27EA0600AB69D1 /* Supabase */ = {
			isa = XCSwiftPackageProductDependency;
			package = 516C4BB82F27E9FC00AB69D1 /* XCRemoteSwiftPackageReference "supabase-swift" */;
			productName = Supabase;
		};
/* End XCSwiftPackageProductDependency section */
	};
	rootObject = 516C45692F218F3400AB69D1 /* Project object */;
}
